
Microsoft Visual Studio Solution File, Format Version 12.00
# Visual Studio Version 16
VisualStudioVersion = 16.0.28803.156
MinimumVisualStudioVersion = 15.0.26124.0
Project("{9A19103F-16F7-4668-BE54-9A1E7A4F7556}") = "Pentagon.Extensions.Localization", "src\Pentagon.Extensions.Localization\Pentagon.Extensions.Localization.csproj", "{08901ED2-6D06-471C-A3EE-73772DF419D5}"
EndProject
Project("{9A19103F-16F7-4668-BE54-9A1E7A4F7556}") = "Pentagon.Extensions.Localization.Json", "src\Pentagon.Extensions.Localization.Json\Pentagon.Extensions.Localization.Json.csproj", "{7C96B9E7-F710-4608-BEC7-CA03DCC5BE49}"
EndProject
Project("{2150E333-8FDC-42A3-9474-1A3956D46DE8}") = "Tests", "Tests", "{224BE50E-E447-4FF0-B4E6-9321CDEEBA0E}"
EndProject
Project("{9A19103F-16F7-4668-BE54-9A1E7A4F7556}") = "Pentagon.Extensions.Localization.Json.Tests", "test\Pentagon.Extensions.Localization.Json.Tests\Pentagon.Extensions.Localization.Json.Tests.csproj", "{D8116756-B806-4053-823B-D502D774EA69}"
EndProject
Project("{2150E333-8FDC-42A3-9474-1A3956D46DE8}") = "Scripts", "Scripts", "{B1F28265-14AF-4D68-8730-BB139593D7D6}"
	ProjectSection(SolutionItems) = preProject
		deploy.sh = deploy.sh
	EndProjectSection
EndProject
Project("{9A19103F-16F7-4668-BE54-9A1E7A4F7556}") = "Pentagon.Extensions.Localization.EntityFramework", "src\Pentagon.Extensions.Localization.EntityFramework\Pentagon.Extensions.Localization.EntityFramework.csproj", "{807F63B4-3410-44C5-8728-FB1A20E73A4B}"
EndProject
Global
	GlobalSection(SolutionConfigurationPlatforms) = preSolution
		Debug|Any CPU = Debug|Any CPU
		Debug|x64 = Debug|x64
		Debug|x86 = Debug|x86
		Release|Any CPU = Release|Any CPU
		Release|x64 = Release|x64
		Release|x86 = Release|x86
	EndGlobalSection
	GlobalSection(ProjectConfigurationPlatforms) = postSolution
		{08901ED2-6D06-471C-A3EE-73772DF419D5}.Debug|Any CPU.ActiveCfg = Debug|Any CPU
		{08901ED2-6D06-471C-A3EE-73772DF419D5}.Debug|Any CPU.Build.0 = Debug|Any CPU
		{08901ED2-6D06-471C-A3EE-73772DF419D5}.Debug|x64.ActiveCfg = Debug|Any CPU
		{08901ED2-6D06-471C-A3EE-73772DF419D5}.Debug|x64.Build.0 = Debug|Any CPU
		{08901ED2-6D06-471C-A3EE-73772DF419D5}.Debug|x86.ActiveCfg = Debug|Any CPU
		{08901ED2-6D06-471C-A3EE-73772DF419D5}.Debug|x86.Build.0 = Debug|Any CPU
		{08901ED2-6D06-471C-A3EE-73772DF419D5}.Release|Any CPU.ActiveCfg = Release|Any CPU
		{08901ED2-6D06-471C-A3EE-73772DF419D5}.Release|Any CPU.Build.0 = Release|Any CPU
		{08901ED2-6D06-471C-A3EE-73772DF419D5}.Release|x64.ActiveCfg = Release|Any CPU
		{08901ED2-6D06-471C-A3EE-73772DF419D5}.Release|x64.Build.0 = Release|Any CPU
		{08901ED2-6D06-471C-A3EE-73772DF419D5}.Release|x86.ActiveCfg = Release|Any CPU
		{08901ED2-6D06-471C-A3EE-73772DF419D5}.Release|x86.Build.0 = Release|Any CPU
		{7C96B9E7-F710-4608-BEC7-CA03DCC5BE49}.Debug|Any CPU.ActiveCfg = Debug|Any CPU
		{7C96B9E7-F710-4608-BEC7-CA03DCC5BE49}.Debug|Any CPU.Build.0 = Debug|Any CPU
		{7C96B9E7-F710-4608-BEC7-CA03DCC5BE49}.Debug|x64.ActiveCfg = Debug|Any CPU
		{7C96B9E7-F710-4608-BEC7-CA03DCC5BE49}.Debug|x64.Build.0 = Debug|Any CPU
		{7C96B9E7-F710-4608-BEC7-CA03DCC5BE49}.Debug|x86.ActiveCfg = Debug|Any CPU
		{7C96B9E7-F710-4608-BEC7-CA03DCC5BE49}.Debug|x86.Build.0 = Debug|Any CPU
		{7C96B9E7-F710-4608-BEC7-CA03DCC5BE49}.Release|Any CPU.ActiveCfg = Release|Any CPU
		{7C96B9E7-F710-4608-BEC7-CA03DCC5BE49}.Release|Any CPU.Build.0 = Release|Any CPU
		{7C96B9E7-F710-4608-BEC7-CA03DCC5BE49}.Release|x64.ActiveCfg = Release|Any CPU
		{7C96B9E7-F710-4608-BEC7-CA03DCC5BE49}.Release|x64.Build.0 = Release|Any CPU
		{7C96B9E7-F710-4608-BEC7-CA03DCC5BE49}.Release|x86.ActiveCfg = Release|Any CPU
		{7C96B9E7-F710-4608-BEC7-CA03DCC5BE49}.Release|x86.Build.0 = Release|Any CPU
		{D8116756-B806-4053-823B-D502D774EA69}.Debug|Any CPU.ActiveCfg = Debug|Any CPU
		{D8116756-B806-4053-823B-D502D774EA69}.Debug|Any CPU.Build.0 = Debug|Any CPU
		{D8116756-B806-4053-823B-D502D774EA69}.Debug|x64.ActiveCfg = Debug|Any CPU
		{D8116756-B806-4053-823B-D502D774EA69}.Debug|x64.Build.0 = Debug|Any CPU
		{D8116756-B806-4053-823B-D502D774EA69}.Debug|x86.ActiveCfg = Debug|Any CPU
		{D8116756-B806-4053-823B-D502D774EA69}.Debug|x86.Build.0 = Debug|Any CPU
		{D8116756-B806-4053-823B-D502D774EA69}.Release|Any CPU.ActiveCfg = Release|Any CPU
		{D8116756-B806-4053-823B-D502D774EA69}.Release|Any CPU.Build.0 = Release|Any CPU
		{D8116756-B806-4053-823B-D502D774EA69}.Release|x64.ActiveCfg = Release|Any CPU
		{D8116756-B806-4053-823B-D502D774EA69}.Release|x64.Build.0 = Release|Any CPU
		{D8116756-B806-4053-823B-D502D774EA69}.Release|x86.ActiveCfg = Release|Any CPU
		{D8116756-B806-4053-823B-D502D774EA69}.Release|x86.Build.0 = Release|Any CPU
		{807F63B4-3410-44C5-8728-FB1A20E73A4B}.Debug|Any CPU.ActiveCfg = Debug|Any CPU
		{807F63B4-3410-44C5-8728-FB1A20E73A4B}.Debug|Any CPU.Build.0 = Debug|Any CPU
		{807F63B4-3410-44C5-8728-FB1A20E73A4B}.Debug|x64.ActiveCfg = Debug|Any CPU
		{807F63B4-3410-44C5-8728-FB1A20E73A4B}.Debug|x64.Build.0 = Debug|Any CPU
		{807F63B4-3410-44C5-8728-FB1A20E73A4B}.Debug|x86.ActiveCfg = Debug|Any CPU
		{807F63B4-3410-44C5-8728-FB1A20E73A4B}.Debug|x86.Build.0 = Debug|Any CPU
		{807F63B4-3410-44C5-8728-FB1A20E73A4B}.Release|Any CPU.ActiveCfg = Release|Any CPU
		{807F63B4-3410-44C5-8728-FB1A20E73A4B}.Release|Any CPU.Build.0 = Release|Any CPU
		{807F63B4-3410-44C5-8728-FB1A20E73A4B}.Release|x64.ActiveCfg = Release|Any CPU
		{807F63B4-3410-44C5-8728-FB1A20E73A4B}.Release|x64.Build.0 = Release|Any CPU
		{807F63B4-3410-44C5-8728-FB1A20E73A4B}.Release|x86.ActiveCfg = Release|Any CPU
		{807F63B4-3410-44C5-8728-FB1A20E73A4B}.Release|x86.Build.0 = Release|Any CPU
	EndGlobalSection
	GlobalSection(SolutionProperties) = preSolution
		HideSolutionNode = FALSE
	EndGlobalSection
	GlobalSection(NestedProjects) = preSolution
		{D8116756-B806-4053-823B-D502D774EA69} = {224BE50E-E447-4FF0-B4E6-9321CDEEBA0E}
	EndGlobalSection
	GlobalSection(ExtensibilityGlobals) = postSolution
		SolutionGuid = {D5696AC0-246E-45E4-93B0-7FD1BF9DA4C1}
	EndGlobalSection
EndGlobal
